
Microsoft Visual Studio Solution File, Format Version 11.00
# Visual Studio 2010
Project("{FAE04EC0-301F-11D3-BF4B-00C04F79EFBC}") = "UniRx", "UniRx.csproj", "{642a3ec4-cf29-d8fe-b379-9cdb0b008062}"
EndProject
Project("{FAE04EC0-301F-11D3-BF4B-00C04F79EFBC}") = "Assembly-CSharp", "Assembly-CSharp.csproj", "{14d3a02b-6348-7171-557d-f758212785df}"
EndProject
Project("{FAE04EC0-301F-11D3-BF4B-00C04F79EFBC}") = "Assembly-CSharp-firstpass", "Assembly-CSharp-firstpass.csproj", "{e43f5bde-3665-1c7e-c395-a1c32cfd9cd1}"
EndProject
Global
	GlobalSection(SolutionConfigurationPlatforms) = preSolution
		Debug|Any CPU = Debug|Any CPU
	EndGlobalSection
	GlobalSection(ProjectConfigurationPlatforms) = postSolution
		{642a3ec4-cf29-d8fe-b379-9cdb0b008062}.Debug|Any CPU.ActiveCfg = Debug|Any CPU
		{642a3ec4-cf29-d8fe-b379-9cdb0b008062}.Debug|Any CPU.Build.0 = Debug|Any CPU
		{14d3a02b-6348-7171-557d-f758212785df}.Debug|Any CPU.ActiveCfg = Debug|Any CPU
		{14d3a02b-6348-7171-557d-f758212785df}.Debug|Any CPU.Build.0 = Debug|Any CPU
		{e43f5bde-3665-1c7e-c395-a1c32cfd9cd1}.Debug|Any CPU.ActiveCfg = Debug|Any CPU
		{e43f5bde-3665-1c7e-c395-a1c32cfd9cd1}.Debug|Any CPU.Build.0 = Debug|Any CPU
	EndGlobalSection
	GlobalSection(SolutionProperties) = preSolution
		HideSolutionNode = FALSE
	EndGlobalSection
EndGlobal
